
Microsoft Visual Studio Solution File, Format Version 12.00
# Visual Studio 15
VisualStudioVersion = 15.0.28307.1525
MinimumVisualStudioVersion = 10.0.40219.1
Project("{FAE04EC0-301F-11D3-BF4B-00C04F79EFBC}") = "Compacter", "Compacter\Compacter.csproj", "{EF71B152-7C48-48EF-8F2E-7C3E2C480B8C}"
EndProject
Global
	GlobalSection(SolutionConfigurationPlatforms) = preSolution
		Debug|Any CPU = Debug|Any CPU
		Release|Any CPU = Release|Any CPU
	EndGlobalSection
	GlobalSection(ProjectConfigurationPlatforms) = postSolution
		{EF71B152-7C48-48EF-8F2E-7C3E2C480B8C}.Debug|Any CPU.ActiveCfg = Debug|Any CPU
		{EF71B152-7C48-48EF-8F2E-7C3E2C480B8C}.Debug|Any CPU.Build.0 = Debug|Any CPU
		{EF71B152-7C48-48EF-8F2E-7C3E2C480B8C}.Release|Any CPU.ActiveCfg = Release|Any CPU
		{EF71B152-7C48-48EF-8F2E-7C3E2C480B8C}.Release|Any CPU.Build.0 = Release|Any CPU
	EndGlobalSection
	GlobalSection(SolutionProperties) = preSolution
		HideSolutionNode = FALSE
	EndGlobalSection
	GlobalSection(ExtensibilityGlobals) = postSolution
		SolutionGuid = {E81B0F8F-0806-4375-B3AB-F07F5EC3F98A}
	EndGlobalSection
EndGlobal
